
Microsoft Visual Studio Solution File, Format Version 12.00
# Visual Studio 14
VisualStudioVersion = 14.0.25420.1
MinimumVisualStudioVersion = 10.0.40219.1
Project("{FAE04EC0-301F-11D3-BF4B-00C04F79EFBC}") = "Octopus.Server.Extensibility.Authentication", "Octopus.Server.Extensibility.Authentication\Octopus.Server.Extensibility.Authentication.csproj", "{364CBEB7-E0FA-4790-971A-9387B4F0F18C}"
EndProject
Project("{2150E333-8FDC-42A3-9474-1A3956D46DE8}") = "Solution Items", "Solution Items", "{E7A4E22E-75B8-40D2-89B2-C7DAD01E6C55}"
	ProjectSection(SolutionItems) = preProject
		Solution Items\SolutionInfo.cs = Solution Items\SolutionInfo.cs
		Solution Items\VersionInfo.cs = Solution Items\VersionInfo.cs
	EndProjectSection
EndProject
Project("{FAE04EC0-301F-11D3-BF4B-00C04F79EFBC}") = "AuthenticationExtensibilityTests", "AuthenticationExtensibilityTests\AuthenticationExtensibilityTests.csproj", "{091B0FF0-2BEF-4818-AACB-9BAED76D1AC3}"
EndProject
Global
	GlobalSection(SolutionConfigurationPlatforms) = preSolution
		Debug|Any CPU = Debug|Any CPU
		Release|Any CPU = Release|Any CPU
	EndGlobalSection
	GlobalSection(ProjectConfigurationPlatforms) = postSolution
		{364CBEB7-E0FA-4790-971A-9387B4F0F18C}.Debug|Any CPU.ActiveCfg = Debug|Any CPU
		{364CBEB7-E0FA-4790-971A-9387B4F0F18C}.Debug|Any CPU.Build.0 = Debug|Any CPU
		{364CBEB7-E0FA-4790-971A-9387B4F0F18C}.Release|Any CPU.ActiveCfg = Release|Any CPU
		{364CBEB7-E0FA-4790-971A-9387B4F0F18C}.Release|Any CPU.Build.0 = Release|Any CPU
		{091B0FF0-2BEF-4818-AACB-9BAED76D1AC3}.Debug|Any CPU.ActiveCfg = Debug|Any CPU
		{091B0FF0-2BEF-4818-AACB-9BAED76D1AC3}.Debug|Any CPU.Build.0 = Debug|Any CPU
		{091B0FF0-2BEF-4818-AACB-9BAED76D1AC3}.Release|Any CPU.ActiveCfg = Release|Any CPU
		{091B0FF0-2BEF-4818-AACB-9BAED76D1AC3}.Release|Any CPU.Build.0 = Release|Any CPU
	EndGlobalSection
	GlobalSection(SolutionProperties) = preSolution
		HideSolutionNode = FALSE
	EndGlobalSection
EndGlobal
