
Microsoft Visual Studio Solution File, Format Version 12.00
# Visual Studio 15
VisualStudioVersion = 15.0.26730.12
MinimumVisualStudioVersion = 10.0.40219.1
Project("{9A19103F-16F7-4668-BE54-9A1E7A4F7556}") = "Extensibility.Authentication", "Extensibility.Authentication\Extensibility.Authentication.csproj", "{364CBEB7-E0FA-4790-971A-9387B4F0F18C}"
EndProject
Project("{2150E333-8FDC-42A3-9474-1A3956D46DE8}") = "Solution Items", "Solution Items", "{E7A4E22E-75B8-40D2-89B2-C7DAD01E6C55}"
	ProjectSection(SolutionItems) = preProject
		Solution Items\SolutionInfo.cs = Solution Items\SolutionInfo.cs
		Solution Items\VersionInfo.cs = Solution Items\VersionInfo.cs
	EndProjectSection
EndProject
Project("{9A19103F-16F7-4668-BE54-9A1E7A4F7556}") = "AuthenticationExtensibilityTests", "AuthenticationExtensibilityTests\AuthenticationExtensibilityTests.csproj", "{091B0FF0-2BEF-4818-AACB-9BAED76D1AC3}"
EndProject
Project("{9A19103F-16F7-4668-BE54-9A1E7A4F7556}") = "Node.Extensibility.Authentication", "Node.Extensibility.Authentication\Node.Extensibility.Authentication.csproj", "{8C472E1E-A390-448B-84DA-C6D364FF4F96}"
EndProject
Global
	GlobalSection(SolutionConfigurationPlatforms) = preSolution
		Debug|Any CPU = Debug|Any CPU
		Release|Any CPU = Release|Any CPU
	EndGlobalSection
	GlobalSection(ProjectConfigurationPlatforms) = postSolution
		{364CBEB7-E0FA-4790-971A-9387B4F0F18C}.Debug|Any CPU.ActiveCfg = Debug|Any CPU
		{364CBEB7-E0FA-4790-971A-9387B4F0F18C}.Debug|Any CPU.Build.0 = Debug|Any CPU
		{364CBEB7-E0FA-4790-971A-9387B4F0F18C}.Release|Any CPU.ActiveCfg = Release|Any CPU
		{364CBEB7-E0FA-4790-971A-9387B4F0F18C}.Release|Any CPU.Build.0 = Release|Any CPU
		{091B0FF0-2BEF-4818-AACB-9BAED76D1AC3}.Debug|Any CPU.ActiveCfg = Debug|Any CPU
		{091B0FF0-2BEF-4818-AACB-9BAED76D1AC3}.Debug|Any CPU.Build.0 = Debug|Any CPU
		{091B0FF0-2BEF-4818-AACB-9BAED76D1AC3}.Release|Any CPU.ActiveCfg = Release|Any CPU
		{091B0FF0-2BEF-4818-AACB-9BAED76D1AC3}.Release|Any CPU.Build.0 = Release|Any CPU
		{8C472E1E-A390-448B-84DA-C6D364FF4F96}.Debug|Any CPU.ActiveCfg = Debug|Any CPU
		{8C472E1E-A390-448B-84DA-C6D364FF4F96}.Debug|Any CPU.Build.0 = Debug|Any CPU
		{8C472E1E-A390-448B-84DA-C6D364FF4F96}.Release|Any CPU.ActiveCfg = Release|Any CPU
		{8C472E1E-A390-448B-84DA-C6D364FF4F96}.Release|Any CPU.Build.0 = Release|Any CPU
	EndGlobalSection
	GlobalSection(SolutionProperties) = preSolution
		HideSolutionNode = FALSE
	EndGlobalSection
	GlobalSection(ExtensibilityGlobals) = postSolution
		SolutionGuid = {4594CD8C-F677-4B99-99B8-C5C4D7556199}
	EndGlobalSection
EndGlobal
